
Microsoft Visual Studio Solution File, Format Version 12.00
# Visual Studio 15
VisualStudioVersion = 15.0.27130.2026
MinimumVisualStudioVersion = 10.0.40219.1
Project("{FAE04EC0-301F-11D3-BF4B-00C04F79EFBC}") = "EnnyRNG", "EnnyRNG\EnnyRNG.csproj", "{C2D767D1-D1B9-4652-B8E8-4DEAAF21E2BD}"
EndProject
Global
	GlobalSection(SolutionConfigurationPlatforms) = preSolution
		Debug|Any CPU = Debug|Any CPU
		Release|Any CPU = Release|Any CPU
	EndGlobalSection
	GlobalSection(ProjectConfigurationPlatforms) = postSolution
		{C2D767D1-D1B9-4652-B8E8-4DEAAF21E2BD}.Debug|Any CPU.ActiveCfg = Debug|Any CPU
		{C2D767D1-D1B9-4652-B8E8-4DEAAF21E2BD}.Debug|Any CPU.Build.0 = Debug|Any CPU
		{C2D767D1-D1B9-4652-B8E8-4DEAAF21E2BD}.Release|Any CPU.ActiveCfg = Release|Any CPU
		{C2D767D1-D1B9-4652-B8E8-4DEAAF21E2BD}.Release|Any CPU.Build.0 = Release|Any CPU
	EndGlobalSection
	GlobalSection(SolutionProperties) = preSolution
		HideSolutionNode = FALSE
	EndGlobalSection
	GlobalSection(ExtensibilityGlobals) = postSolution
		SolutionGuid = {C2A2E2A4-5A2B-416A-826F-ADCA38866543}
	EndGlobalSection
EndGlobal
